
Microsoft Visual Studio Solution File, Format Version 12.00
# Visual Studio Version 17
VisualStudioVersion = 17.2.32519.379
MinimumVisualStudioVersion = 10.0.40219.1
Project("{FAE04EC0-301F-11D3-BF4B-00C04F79EFBC}") = "JiroJudgeViewer", "JiroJudgeViewer\JiroJudgeViewer.csproj", "{B7538C26-8E18-4A74-9EBB-E56F22890BF6}"
EndProject
Global
	GlobalSection(SolutionConfigurationPlatforms) = preSolution
		Debug|Any CPU = Debug|Any CPU
		Release|Any CPU = Release|Any CPU
	EndGlobalSection
	GlobalSection(ProjectConfigurationPlatforms) = postSolution
		{B7538C26-8E18-4A74-9EBB-E56F22890BF6}.Debug|Any CPU.ActiveCfg = Debug|Any CPU
		{B7538C26-8E18-4A74-9EBB-E56F22890BF6}.Debug|Any CPU.Build.0 = Debug|Any CPU
		{B7538C26-8E18-4A74-9EBB-E56F22890BF6}.Release|Any CPU.ActiveCfg = Release|Any CPU
		{B7538C26-8E18-4A74-9EBB-E56F22890BF6}.Release|Any CPU.Build.0 = Release|Any CPU
	EndGlobalSection
	GlobalSection(SolutionProperties) = preSolution
		HideSolutionNode = FALSE
	EndGlobalSection
	GlobalSection(ExtensibilityGlobals) = postSolution
		SolutionGuid = {5C2F4189-981C-40FF-B1F5-D87F78A6A45B}
	EndGlobalSection
EndGlobal
